hash: cb62a644bd0aec4daf060bbd0f8569efa139b1e09bc8a16c7747c1740f5944fc
updated: 2017-03-09T21:57:27.786625098+08:00
imports:
- name: github.com/rthornton128/goncurses
  version: ef16d4e36502edc58c45a2c896e00ef8d513dc78
- name: github.com/speedata/gogit
  version: 66815cd3f6b58ee192b0c6388295979b872d268f
- name: github.com/speedata/mmap-go
  version: 6c75090c55983bef2e129e173681b20d24871ef8
- name: github.com/urfave/cli
  version: 9e5b04886c4bfee2ceba1465b8121057355c4e53
testImports: []
